
Microsoft Visual Studio Solution File, Format Version 12.00
# Visual Studio 15
VisualStudioVersion = 15.0.27130.2010
MinimumVisualStudioVersion = 10.0.40219.1
Project("{FAE04EC0-301F-11D3-BF4B-00C04F79EFBC}") = "NathanSmithPersonalSite", "NathanSmithPersonalSite\NathanSmithPersonalSite.csproj", "{8BC09429-3612-4315-8675-CFF79AC8078A}"
EndProject
Global
	GlobalSection(SolutionConfigurationPlatforms) = preSolution
		Debug|Any CPU = Debug|Any CPU
		Release|Any CPU = Release|Any CPU
	EndGlobalSection
	GlobalSection(ProjectConfigurationPlatforms) = postSolution
		{8BC09429-3612-4315-8675-CFF79AC8078A}.Debug|Any CPU.ActiveCfg = Debug|Any CPU
		{8BC09429-3612-4315-8675-CFF79AC8078A}.Debug|Any CPU.Build.0 = Debug|Any CPU
		{8BC09429-3612-4315-8675-CFF79AC8078A}.Release|Any CPU.ActiveCfg = Release|Any CPU
		{8BC09429-3612-4315-8675-CFF79AC8078A}.Release|Any CPU.Build.0 = Release|Any CPU
	EndGlobalSection
	GlobalSection(SolutionProperties) = preSolution
		HideSolutionNode = FALSE
	EndGlobalSection
	GlobalSection(ExtensibilityGlobals) = postSolution
		SolutionGuid = {6B294E90-349D-4F6B-AD69-42E0513C4B17}
	EndGlobalSection
EndGlobal
